<?xml version="1.0" encoding="utf-8"?>
<Project ToolsVersion="17.0" xmlns="http://schemas.microsoft.com/developer/msbuild/2003">
  <ItemGroup>
    <ClCompile Include="C:\Users\NB03\Pictures\Projects\Webmaster\Serina\src\serina_cli.cpp">
      <Filter>Source Files</Filter>
    </ClCompile>
  </ItemGroup>
  <ItemGroup>
    <CustomBuild Include="C:\Users\NB03\Pictures\Projects\Webmaster\Serina\src\CMakeLists.txt" />
  </ItemGroup>
  <ItemGroup>
    <Natvis Include="C:\Users\NB03\Pictures\Projects\Webmaster\Serina\python\_deps\nlohmann_json-src\nlohmann_json.natvis" />
  </ItemGroup>
  <ItemGroup>
    <Filter Include="Source Files">
      <UniqueIdentifier>{F4BC3A2D-8870-3028-8409-B1E9EE5F047F}</UniqueIdentifier>
    </Filter>
  </ItemGroup>
</Project>
