<?xml version="1.0" encoding="utf-8"?>
<Project ToolsVersion="17.0" xmlns="http://schemas.microsoft.com/developer/msbuild/2003">
  <ItemGroup>
    <ClCompile Include="C:\Users\NB03\Pictures\Projects\Webmaster\Serina\src\core\World.cpp">
      <Filter>Source Files</Filter>
    </ClCompile>
    <ClCompile Include="C:\Users\NB03\Pictures\Projects\Webmaster\Serina\src\core\Species.cpp">
      <Filter>Source Files</Filter>
    </ClCompile>
    <ClCompile Include="C:\Users\NB03\Pictures\Projects\Webmaster\Serina\src\core\Genome.cpp">
      <Filter>Source Files</Filter>
    </ClCompile>
    <ClCompile Include="C:\Users\NB03\Pictures\Projects\Webmaster\Serina\src\core\PhysicsEngine.cpp">
      <Filter>Source Files</Filter>
    </ClCompile>
  </ItemGroup>
  <ItemGroup>
    <CustomBuild Include="C:\Users\NB03\Pictures\Projects\Webmaster\Serina\src\core\CMakeLists.txt" />
  </ItemGroup>
  <ItemGroup>
    <Filter Include="Source Files">
      <UniqueIdentifier>{1FB42EED-4487-3A6C-BC13-58DFB880E215}</UniqueIdentifier>
    </Filter>
  </ItemGroup>
</Project>
