
Microsoft Visual Studio Solution File, Format Version 12.00
# Visual Studio Version 17
Project("{8BC9CEB8-8B4A-11D0-8D11-00A0C91BC942}") = "ALL_BUILD", "ALL_BUILD.vcxproj", "{D2CA024D-28D8-392D-BA75-6A64C07F26F5}"
	ProjectSection(ProjectDependencies) = postProject
		{EC462B41-BAA6-3411-898F-5BFD04098877} = {EC462B41-BAA6-3411-898F-5BFD04098877}
		{1B1713E3-C299-370C-A730-92194B07B72B} = {1B1713E3-C299-370C-A730-92194B07B72B}
		{75EAA0EE-7741-304E-A419-EFBCB5519C5A} = {75EAA0EE-7741-304E-A419-EFBCB5519C5A}
		{C707B467-45C3-3A62-8A68-B2AF5B454E3C} = {C707B467-45C3-3A62-8A68-B2AF5B454E3C}
		{1697C5AA-486A-3050-A89F-822BE844B3E0} = {1697C5AA-486A-3050-A89F-822BE844B3E0}
		{16EA48CC-838C-3AF6-A840-8EF97BF73B05} = {16EA48CC-838C-3AF6-A840-8EF97BF73B05}
	EndProjectSection
EndProject
Project("{8BC9CEB8-8B4A-11D0-8D11-00A0C91BC942}") = "ZERO_CHECK", "ZERO_CHECK.vcxproj", "{EC462B41-BAA6-3411-898F-5BFD04098877}"
	ProjectSection(ProjectDependencies) = postProject
	EndProjectSection
EndProject
Project("{8BC9CEB8-8B4A-11D0-8D11-00A0C91BC942}") = "serina_core", "src\core\serina_core.vcxproj", "{1B1713E3-C299-370C-A730-92194B07B72B}"
	ProjectSection(ProjectDependencies) = postProject
		{EC462B41-BAA6-3411-898F-5BFD04098877} = {EC462B41-BAA6-3411-898F-5BFD04098877}
	EndProjectSection
EndProject
Project("{8BC9CEB8-8B4A-11D0-8D11-00A0C91BC942}") = "serina_py", "serina_py.vcxproj", "{75EAA0EE-7741-304E-A419-EFBCB5519C5A}"
	ProjectSection(ProjectDependencies) = postProject
		{EC462B41-BAA6-3411-898F-5BFD04098877} = {EC462B41-BAA6-3411-898F-5BFD04098877}
		{1B1713E3-C299-370C-A730-92194B07B72B} = {1B1713E3-C299-370C-A730-92194B07B72B}
		{C707B467-45C3-3A62-8A68-B2AF5B454E3C} = {C707B467-45C3-3A62-8A68-B2AF5B454E3C}
		{1697C5AA-486A-3050-A89F-822BE844B3E0} = {1697C5AA-486A-3050-A89F-822BE844B3E0}
	EndProjectSection
EndProject
Project("{8BC9CEB8-8B4A-11D0-8D11-00A0C91BC942}") = "serina_utils", "src\utils\serina_utils.vcxproj", "{C707B467-45C3-3A62-8A68-B2AF5B454E3C}"
	ProjectSection(ProjectDependencies) = postProject
		{EC462B41-BAA6-3411-898F-5BFD04098877} = {EC462B41-BAA6-3411-898F-5BFD04098877}
	EndProjectSection
EndProject
Project("{8BC9CEB8-8B4A-11D0-8D11-00A0C91BC942}") = "serina_viewmodel", "src\viewmodel\serina_viewmodel.vcxproj", "{1697C5AA-486A-3050-A89F-822BE844B3E0}"
	ProjectSection(ProjectDependencies) = postProject
		{EC462B41-BAA6-3411-898F-5BFD04098877} = {EC462B41-BAA6-3411-898F-5BFD04098877}
		{1B1713E3-C299-370C-A730-92194B07B72B} = {1B1713E3-C299-370C-A730-92194B07B72B}
	EndProjectSection
EndProject
Project("{8BC9CEB8-8B4A-11D0-8D11-00A0C91BC942}") = "tests", "tests\tests.vcxproj", "{16EA48CC-838C-3AF6-A840-8EF97BF73B05}"
	ProjectSection(ProjectDependencies) = postProject
		{EC462B41-BAA6-3411-898F-5BFD04098877} = {EC462B41-BAA6-3411-898F-5BFD04098877}
		{1B1713E3-C299-370C-A730-92194B07B72B} = {1B1713E3-C299-370C-A730-92194B07B72B}
		{C707B467-45C3-3A62-8A68-B2AF5B454E3C} = {C707B467-45C3-3A62-8A68-B2AF5B454E3C}
		{1697C5AA-486A-3050-A89F-822BE844B3E0} = {1697C5AA-486A-3050-A89F-822BE844B3E0}
	EndProjectSection
EndProject
Global
	GlobalSection(SolutionConfigurationPlatforms) = preSolution
		Debug|x64 = Debug|x64
		Release|x64 = Release|x64
		MinSizeRel|x64 = MinSizeRel|x64
		RelWithDebInfo|x64 = RelWithDebInfo|x64
	EndGlobalSection
	GlobalSection(ProjectConfigurationPlatforms) = postSolution
		{D2CA024D-28D8-392D-BA75-6A64C07F26F5}.Debug|x64.ActiveCfg = Debug|x64
		{D2CA024D-28D8-392D-BA75-6A64C07F26F5}.Release|x64.ActiveCfg = Release|x64
		{D2CA024D-28D8-392D-BA75-6A64C07F26F5}.MinSizeRel|x64.ActiveCfg = MinSizeRel|x64
		{D2CA024D-28D8-392D-BA75-6A64C07F26F5}.RelWithDebInfo|x64.ActiveCfg = RelWithDebInfo|x64
		{EC462B41-BAA6-3411-898F-5BFD04098877}.Debug|x64.ActiveCfg = Debug|x64
		{EC462B41-BAA6-3411-898F-5BFD04098877}.Debug|x64.Build.0 = Debug|x64
		{EC462B41-BAA6-3411-898F-5BFD04098877}.Release|x64.ActiveCfg = Release|x64
		{EC462B41-BAA6-3411-898F-5BFD04098877}.Release|x64.Build.0 = Release|x64
		{EC462B41-BAA6-3411-898F-5BFD04098877}.MinSizeRel|x64.ActiveCfg = MinSizeRel|x64
		{EC462B41-BAA6-3411-898F-5BFD04098877}.MinSizeRel|x64.Build.0 = MinSizeRel|x64
		{EC462B41-BAA6-3411-898F-5BFD04098877}.RelWithDebInfo|x64.ActiveCfg = RelWithDebInfo|x64
		{EC462B41-BAA6-3411-898F-5BFD04098877}.RelWithDebInfo|x64.Build.0 = RelWithDebInfo|x64
		{1B1713E3-C299-370C-A730-92194B07B72B}.Debug|x64.ActiveCfg = Debug|x64
		{1B1713E3-C299-370C-A730-92194B07B72B}.Debug|x64.Build.0 = Debug|x64
		{1B1713E3-C299-370C-A730-92194B07B72B}.Release|x64.ActiveCfg = Release|x64
		{1B1713E3-C299-370C-A730-92194B07B72B}.Release|x64.Build.0 = Release|x64
		{1B1713E3-C299-370C-A730-92194B07B72B}.MinSizeRel|x64.ActiveCfg = MinSizeRel|x64
		{1B1713E3-C299-370C-A730-92194B07B72B}.MinSizeRel|x64.Build.0 = MinSizeRel|x64
		{1B1713E3-C299-370C-A730-92194B07B72B}.RelWithDebInfo|x64.ActiveCfg = RelWithDebInfo|x64
		{1B1713E3-C299-370C-A730-92194B07B72B}.RelWithDebInfo|x64.Build.0 = RelWithDebInfo|x64
		{75EAA0EE-7741-304E-A419-EFBCB5519C5A}.Debug|x64.ActiveCfg = Debug|x64
		{75EAA0EE-7741-304E-A419-EFBCB5519C5A}.Debug|x64.Build.0 = Debug|x64
		{75EAA0EE-7741-304E-A419-EFBCB5519C5A}.Release|x64.ActiveCfg = Release|x64
		{75EAA0EE-7741-304E-A419-EFBCB5519C5A}.Release|x64.Build.0 = Release|x64
		{75EAA0EE-7741-304E-A419-EFBCB5519C5A}.MinSizeRel|x64.ActiveCfg = MinSizeRel|x64
		{75EAA0EE-7741-304E-A419-EFBCB5519C5A}.MinSizeRel|x64.Build.0 = MinSizeRel|x64
		{75EAA0EE-7741-304E-A419-EFBCB5519C5A}.RelWithDebInfo|x64.ActiveCfg = RelWithDebInfo|x64
		{75EAA0EE-7741-304E-A419-EFBCB5519C5A}.RelWithDebInfo|x64.Build.0 = RelWithDebInfo|x64
		{C707B467-45C3-3A62-8A68-B2AF5B454E3C}.Debug|x64.ActiveCfg = Debug|x64
		{C707B467-45C3-3A62-8A68-B2AF5B454E3C}.Debug|x64.Build.0 = Debug|x64
		{C707B467-45C3-3A62-8A68-B2AF5B454E3C}.Release|x64.ActiveCfg = Release|x64
		{C707B467-45C3-3A62-8A68-B2AF5B454E3C}.Release|x64.Build.0 = Release|x64
		{C707B467-45C3-3A62-8A68-B2AF5B454E3C}.MinSizeRel|x64.ActiveCfg = MinSizeRel|x64
		{C707B467-45C3-3A62-8A68-B2AF5B454E3C}.MinSizeRel|x64.Build.0 = MinSizeRel|x64
		{C707B467-45C3-3A62-8A68-B2AF5B454E3C}.RelWithDebInfo|x64.ActiveCfg = RelWithDebInfo|x64
		{C707B467-45C3-3A62-8A68-B2AF5B454E3C}.RelWithDebInfo|x64.Build.0 = RelWithDebInfo|x64
		{1697C5AA-486A-3050-A89F-822BE844B3E0}.Debug|x64.ActiveCfg = Debug|x64
		{1697C5AA-486A-3050-A89F-822BE844B3E0}.Debug|x64.Build.0 = Debug|x64
		{1697C5AA-486A-3050-A89F-822BE844B3E0}.Release|x64.ActiveCfg = Release|x64
		{1697C5AA-486A-3050-A89F-822BE844B3E0}.Release|x64.Build.0 = Release|x64
		{1697C5AA-486A-3050-A89F-822BE844B3E0}.MinSizeRel|x64.ActiveCfg = MinSizeRel|x64
		{1697C5AA-486A-3050-A89F-822BE844B3E0}.MinSizeRel|x64.Build.0 = MinSizeRel|x64
		{1697C5AA-486A-3050-A89F-822BE844B3E0}.RelWithDebInfo|x64.ActiveCfg = RelWithDebInfo|x64
		{1697C5AA-486A-3050-A89F-822BE844B3E0}.RelWithDebInfo|x64.Build.0 = RelWithDebInfo|x64
		{16EA48CC-838C-3AF6-A840-8EF97BF73B05}.Debug|x64.ActiveCfg = Debug|x64
		{16EA48CC-838C-3AF6-A840-8EF97BF73B05}.Debug|x64.Build.0 = Debug|x64
		{16EA48CC-838C-3AF6-A840-8EF97BF73B05}.Release|x64.ActiveCfg = Release|x64
		{16EA48CC-838C-3AF6-A840-8EF97BF73B05}.Release|x64.Build.0 = Release|x64
		{16EA48CC-838C-3AF6-A840-8EF97BF73B05}.MinSizeRel|x64.ActiveCfg = MinSizeRel|x64
		{16EA48CC-838C-3AF6-A840-8EF97BF73B05}.MinSizeRel|x64.Build.0 = MinSizeRel|x64
		{16EA48CC-838C-3AF6-A840-8EF97BF73B05}.RelWithDebInfo|x64.ActiveCfg = RelWithDebInfo|x64
		{16EA48CC-838C-3AF6-A840-8EF97BF73B05}.RelWithDebInfo|x64.Build.0 = RelWithDebInfo|x64
	EndGlobalSection
	GlobalSection(ExtensibilityGlobals) = postSolution
		SolutionGuid = {592EB3AC-5A17-3F29-8BD6-FD426240BA7E}
	EndGlobalSection
	GlobalSection(ExtensibilityAddIns) = postSolution
	EndGlobalSection
EndGlobal
