<?xml version="1.0" encoding="utf-8"?>
<Project ToolsVersion="17.0" xmlns="http://schemas.microsoft.com/developer/msbuild/2003">
  <ItemGroup>
    <CustomBuild Include="C:\Users\NB03\Pictures\Projects\Webmaster\Serina\python\CMakeFiles\b43a1edd19cc71b3a8535f3542895f2a\generate.stamp.rule">
      <Filter>CMake Rules</Filter>
    </CustomBuild>
  </ItemGroup>
  <ItemGroup>
    <Filter Include="CMake Rules">
      <UniqueIdentifier>{224E9F3B-E5DE-39F5-AE48-704C6C9EDDCE}</UniqueIdentifier>
    </Filter>
  </ItemGroup>
</Project>
