
Microsoft Visual Studio Solution File, Format Version 12.00
# Visual Studio Version 17
Project("{8BC9CEB8-8B4A-11D0-8D11-00A0C91BC942}") = "ALL_BUILD", "ALL_BUILD.vcxproj", "{9C1F7FCF-F1AC-31FF-A067-C0BB9BA7B0E4}"
	ProjectSection(ProjectDependencies) = postProject
		{89A187F4-5DED-3FA1-B2BB-DC6B5F199CEE} = {89A187F4-5DED-3FA1-B2BB-DC6B5F199CEE}
		{8C856AA3-3763-394B-9A7D-210302870807} = {8C856AA3-3763-394B-9A7D-210302870807}
		{EC2B079F-32FA-371D-BD82-36ED6D740395} = {EC2B079F-32FA-371D-BD82-36ED6D740395}
		{67CC88B1-544B-3C8F-A802-100D90C50BC6} = {67CC88B1-544B-3C8F-A802-100D90C50BC6}
		{1262F4FC-2A0E-3C2E-A88F-F8092C4C5C71} = {1262F4FC-2A0E-3C2E-A88F-F8092C4C5C71}
		{033B9615-8424-3EF0-A690-D214B0AF41E2} = {033B9615-8424-3EF0-A690-D214B0AF41E2}
		{ECCEB14E-951B-3B08-900A-319A4031B888} = {ECCEB14E-951B-3B08-900A-319A4031B888}
		{6D50D511-774A-33CF-A15D-E4C8E499EDC2} = {6D50D511-774A-33CF-A15D-E4C8E499EDC2}
		{2BFD2071-8FE9-3764-9126-BAD3A5623F87} = {2BFD2071-8FE9-3764-9126-BAD3A5623F87}
	EndProjectSection
EndProject
Project("{8BC9CEB8-8B4A-11D0-8D11-00A0C91BC942}") = "ZERO_CHECK", "ZERO_CHECK.vcxproj", "{89A187F4-5DED-3FA1-B2BB-DC6B5F199CEE}"
	ProjectSection(ProjectDependencies) = postProject
	EndProjectSection
EndProject
Project("{8BC9CEB8-8B4A-11D0-8D11-00A0C91BC942}") = "serina_cli", "src\serina_cli.vcxproj", "{8C856AA3-3763-394B-9A7D-210302870807}"
	ProjectSection(ProjectDependencies) = postProject
		{89A187F4-5DED-3FA1-B2BB-DC6B5F199CEE} = {89A187F4-5DED-3FA1-B2BB-DC6B5F199CEE}
		{EC2B079F-32FA-371D-BD82-36ED6D740395} = {EC2B079F-32FA-371D-BD82-36ED6D740395}
		{033B9615-8424-3EF0-A690-D214B0AF41E2} = {033B9615-8424-3EF0-A690-D214B0AF41E2}
		{ECCEB14E-951B-3B08-900A-319A4031B888} = {ECCEB14E-951B-3B08-900A-319A4031B888}
	EndProjectSection
EndProject
Project("{8BC9CEB8-8B4A-11D0-8D11-00A0C91BC942}") = "serina_core", "src\core\serina_core.vcxproj", "{EC2B079F-32FA-371D-BD82-36ED6D740395}"
	ProjectSection(ProjectDependencies) = postProject
		{89A187F4-5DED-3FA1-B2BB-DC6B5F199CEE} = {89A187F4-5DED-3FA1-B2BB-DC6B5F199CEE}
	EndProjectSection
EndProject
Project("{8BC9CEB8-8B4A-11D0-8D11-00A0C91BC942}") = "serina_demo", "src\serina_demo.vcxproj", "{67CC88B1-544B-3C8F-A802-100D90C50BC6}"
	ProjectSection(ProjectDependencies) = postProject
		{89A187F4-5DED-3FA1-B2BB-DC6B5F199CEE} = {89A187F4-5DED-3FA1-B2BB-DC6B5F199CEE}
		{EC2B079F-32FA-371D-BD82-36ED6D740395} = {EC2B079F-32FA-371D-BD82-36ED6D740395}
		{033B9615-8424-3EF0-A690-D214B0AF41E2} = {033B9615-8424-3EF0-A690-D214B0AF41E2}
		{ECCEB14E-951B-3B08-900A-319A4031B888} = {ECCEB14E-951B-3B08-900A-319A4031B888}
	EndProjectSection
EndProject
Project("{8BC9CEB8-8B4A-11D0-8D11-00A0C91BC942}") = "serina_runner", "src\serina_runner.vcxproj", "{1262F4FC-2A0E-3C2E-A88F-F8092C4C5C71}"
	ProjectSection(ProjectDependencies) = postProject
		{89A187F4-5DED-3FA1-B2BB-DC6B5F199CEE} = {89A187F4-5DED-3FA1-B2BB-DC6B5F199CEE}
		{EC2B079F-32FA-371D-BD82-36ED6D740395} = {EC2B079F-32FA-371D-BD82-36ED6D740395}
		{033B9615-8424-3EF0-A690-D214B0AF41E2} = {033B9615-8424-3EF0-A690-D214B0AF41E2}
		{ECCEB14E-951B-3B08-900A-319A4031B888} = {ECCEB14E-951B-3B08-900A-319A4031B888}
	EndProjectSection
EndProject
Project("{8BC9CEB8-8B4A-11D0-8D11-00A0C91BC942}") = "serina_utils", "src\utils\serina_utils.vcxproj", "{033B9615-8424-3EF0-A690-D214B0AF41E2}"
	ProjectSection(ProjectDependencies) = postProject
		{89A187F4-5DED-3FA1-B2BB-DC6B5F199CEE} = {89A187F4-5DED-3FA1-B2BB-DC6B5F199CEE}
	EndProjectSection
EndProject
Project("{8BC9CEB8-8B4A-11D0-8D11-00A0C91BC942}") = "serina_viewmodel", "src\viewmodel\serina_viewmodel.vcxproj", "{ECCEB14E-951B-3B08-900A-319A4031B888}"
	ProjectSection(ProjectDependencies) = postProject
		{89A187F4-5DED-3FA1-B2BB-DC6B5F199CEE} = {89A187F4-5DED-3FA1-B2BB-DC6B5F199CEE}
		{EC2B079F-32FA-371D-BD82-36ED6D740395} = {EC2B079F-32FA-371D-BD82-36ED6D740395}
	EndProjectSection
EndProject
Project("{8BC9CEB8-8B4A-11D0-8D11-00A0C91BC942}") = "test_runner_integration", "tests\test_runner_integration.vcxproj", "{6D50D511-774A-33CF-A15D-E4C8E499EDC2}"
	ProjectSection(ProjectDependencies) = postProject
		{89A187F4-5DED-3FA1-B2BB-DC6B5F199CEE} = {89A187F4-5DED-3FA1-B2BB-DC6B5F199CEE}
		{EC2B079F-32FA-371D-BD82-36ED6D740395} = {EC2B079F-32FA-371D-BD82-36ED6D740395}
		{033B9615-8424-3EF0-A690-D214B0AF41E2} = {033B9615-8424-3EF0-A690-D214B0AF41E2}
		{ECCEB14E-951B-3B08-900A-319A4031B888} = {ECCEB14E-951B-3B08-900A-319A4031B888}
	EndProjectSection
EndProject
Project("{8BC9CEB8-8B4A-11D0-8D11-00A0C91BC942}") = "tests", "tests\tests.vcxproj", "{2BFD2071-8FE9-3764-9126-BAD3A5623F87}"
	ProjectSection(ProjectDependencies) = postProject
		{89A187F4-5DED-3FA1-B2BB-DC6B5F199CEE} = {89A187F4-5DED-3FA1-B2BB-DC6B5F199CEE}
		{EC2B079F-32FA-371D-BD82-36ED6D740395} = {EC2B079F-32FA-371D-BD82-36ED6D740395}
		{033B9615-8424-3EF0-A690-D214B0AF41E2} = {033B9615-8424-3EF0-A690-D214B0AF41E2}
		{ECCEB14E-951B-3B08-900A-319A4031B888} = {ECCEB14E-951B-3B08-900A-319A4031B888}
	EndProjectSection
EndProject
Global
	GlobalSection(SolutionConfigurationPlatforms) = preSolution
		Debug|x64 = Debug|x64
		Release|x64 = Release|x64
		MinSizeRel|x64 = MinSizeRel|x64
		RelWithDebInfo|x64 = RelWithDebInfo|x64
	EndGlobalSection
	GlobalSection(ProjectConfigurationPlatforms) = postSolution
		{9C1F7FCF-F1AC-31FF-A067-C0BB9BA7B0E4}.Debug|x64.ActiveCfg = Debug|x64
		{9C1F7FCF-F1AC-31FF-A067-C0BB9BA7B0E4}.Release|x64.ActiveCfg = Release|x64
		{9C1F7FCF-F1AC-31FF-A067-C0BB9BA7B0E4}.MinSizeRel|x64.ActiveCfg = MinSizeRel|x64
		{9C1F7FCF-F1AC-31FF-A067-C0BB9BA7B0E4}.RelWithDebInfo|x64.ActiveCfg = RelWithDebInfo|x64
		{89A187F4-5DED-3FA1-B2BB-DC6B5F199CEE}.Debug|x64.ActiveCfg = Debug|x64
		{89A187F4-5DED-3FA1-B2BB-DC6B5F199CEE}.Debug|x64.Build.0 = Debug|x64
		{89A187F4-5DED-3FA1-B2BB-DC6B5F199CEE}.Release|x64.ActiveCfg = Release|x64
		{89A187F4-5DED-3FA1-B2BB-DC6B5F199CEE}.Release|x64.Build.0 = Release|x64
		{89A187F4-5DED-3FA1-B2BB-DC6B5F199CEE}.MinSizeRel|x64.ActiveCfg = MinSizeRel|x64
		{89A187F4-5DED-3FA1-B2BB-DC6B5F199CEE}.MinSizeRel|x64.Build.0 = MinSizeRel|x64
		{89A187F4-5DED-3FA1-B2BB-DC6B5F199CEE}.RelWithDebInfo|x64.ActiveCfg = RelWithDebInfo|x64
		{89A187F4-5DED-3FA1-B2BB-DC6B5F199CEE}.RelWithDebInfo|x64.Build.0 = RelWithDebInfo|x64
		{8C856AA3-3763-394B-9A7D-210302870807}.Debug|x64.ActiveCfg = Debug|x64
		{8C856AA3-3763-394B-9A7D-210302870807}.Debug|x64.Build.0 = Debug|x64
		{8C856AA3-3763-394B-9A7D-210302870807}.Release|x64.ActiveCfg = Release|x64
		{8C856AA3-3763-394B-9A7D-210302870807}.Release|x64.Build.0 = Release|x64
		{8C856AA3-3763-394B-9A7D-210302870807}.MinSizeRel|x64.ActiveCfg = MinSizeRel|x64
		{8C856AA3-3763-394B-9A7D-210302870807}.MinSizeRel|x64.Build.0 = MinSizeRel|x64
		{8C856AA3-3763-394B-9A7D-210302870807}.RelWithDebInfo|x64.ActiveCfg = RelWithDebInfo|x64
		{8C856AA3-3763-394B-9A7D-210302870807}.RelWithDebInfo|x64.Build.0 = RelWithDebInfo|x64
		{EC2B079F-32FA-371D-BD82-36ED6D740395}.Debug|x64.ActiveCfg = Debug|x64
		{EC2B079F-32FA-371D-BD82-36ED6D740395}.Debug|x64.Build.0 = Debug|x64
		{EC2B079F-32FA-371D-BD82-36ED6D740395}.Release|x64.ActiveCfg = Release|x64
		{EC2B079F-32FA-371D-BD82-36ED6D740395}.Release|x64.Build.0 = Release|x64
		{EC2B079F-32FA-371D-BD82-36ED6D740395}.MinSizeRel|x64.ActiveCfg = MinSizeRel|x64
		{EC2B079F-32FA-371D-BD82-36ED6D740395}.MinSizeRel|x64.Build.0 = MinSizeRel|x64
		{EC2B079F-32FA-371D-BD82-36ED6D740395}.RelWithDebInfo|x64.ActiveCfg = RelWithDebInfo|x64
		{EC2B079F-32FA-371D-BD82-36ED6D740395}.RelWithDebInfo|x64.Build.0 = RelWithDebInfo|x64
		{67CC88B1-544B-3C8F-A802-100D90C50BC6}.Debug|x64.ActiveCfg = Debug|x64
		{67CC88B1-544B-3C8F-A802-100D90C50BC6}.Debug|x64.Build.0 = Debug|x64
		{67CC88B1-544B-3C8F-A802-100D90C50BC6}.Release|x64.ActiveCfg = Release|x64
		{67CC88B1-544B-3C8F-A802-100D90C50BC6}.Release|x64.Build.0 = Release|x64
		{67CC88B1-544B-3C8F-A802-100D90C50BC6}.MinSizeRel|x64.ActiveCfg = MinSizeRel|x64
		{67CC88B1-544B-3C8F-A802-100D90C50BC6}.MinSizeRel|x64.Build.0 = MinSizeRel|x64
		{67CC88B1-544B-3C8F-A802-100D90C50BC6}.RelWithDebInfo|x64.ActiveCfg = RelWithDebInfo|x64
		{67CC88B1-544B-3C8F-A802-100D90C50BC6}.RelWithDebInfo|x64.Build.0 = RelWithDebInfo|x64
		{1262F4FC-2A0E-3C2E-A88F-F8092C4C5C71}.Debug|x64.ActiveCfg = Debug|x64
		{1262F4FC-2A0E-3C2E-A88F-F8092C4C5C71}.Debug|x64.Build.0 = Debug|x64
		{1262F4FC-2A0E-3C2E-A88F-F8092C4C5C71}.Release|x64.ActiveCfg = Release|x64
		{1262F4FC-2A0E-3C2E-A88F-F8092C4C5C71}.Release|x64.Build.0 = Release|x64
		{1262F4FC-2A0E-3C2E-A88F-F8092C4C5C71}.MinSizeRel|x64.ActiveCfg = MinSizeRel|x64
		{1262F4FC-2A0E-3C2E-A88F-F8092C4C5C71}.MinSizeRel|x64.Build.0 = MinSizeRel|x64
		{1262F4FC-2A0E-3C2E-A88F-F8092C4C5C71}.RelWithDebInfo|x64.ActiveCfg = RelWithDebInfo|x64
		{1262F4FC-2A0E-3C2E-A88F-F8092C4C5C71}.RelWithDebInfo|x64.Build.0 = RelWithDebInfo|x64
		{033B9615-8424-3EF0-A690-D214B0AF41E2}.Debug|x64.ActiveCfg = Debug|x64
		{033B9615-8424-3EF0-A690-D214B0AF41E2}.Debug|x64.Build.0 = Debug|x64
		{033B9615-8424-3EF0-A690-D214B0AF41E2}.Release|x64.ActiveCfg = Release|x64
		{033B9615-8424-3EF0-A690-D214B0AF41E2}.Release|x64.Build.0 = Release|x64
		{033B9615-8424-3EF0-A690-D214B0AF41E2}.MinSizeRel|x64.ActiveCfg = MinSizeRel|x64
		{033B9615-8424-3EF0-A690-D214B0AF41E2}.MinSizeRel|x64.Build.0 = MinSizeRel|x64
		{033B9615-8424-3EF0-A690-D214B0AF41E2}.RelWithDebInfo|x64.ActiveCfg = RelWithDebInfo|x64
		{033B9615-8424-3EF0-A690-D214B0AF41E2}.RelWithDebInfo|x64.Build.0 = RelWithDebInfo|x64
		{ECCEB14E-951B-3B08-900A-319A4031B888}.Debug|x64.ActiveCfg = Debug|x64
		{ECCEB14E-951B-3B08-900A-319A4031B888}.Debug|x64.Build.0 = Debug|x64
		{ECCEB14E-951B-3B08-900A-319A4031B888}.Release|x64.ActiveCfg = Release|x64
		{ECCEB14E-951B-3B08-900A-319A4031B888}.Release|x64.Build.0 = Release|x64
		{ECCEB14E-951B-3B08-900A-319A4031B888}.MinSizeRel|x64.ActiveCfg = MinSizeRel|x64
		{ECCEB14E-951B-3B08-900A-319A4031B888}.MinSizeRel|x64.Build.0 = MinSizeRel|x64
		{ECCEB14E-951B-3B08-900A-319A4031B888}.RelWithDebInfo|x64.ActiveCfg = RelWithDebInfo|x64
		{ECCEB14E-951B-3B08-900A-319A4031B888}.RelWithDebInfo|x64.Build.0 = RelWithDebInfo|x64
		{6D50D511-774A-33CF-A15D-E4C8E499EDC2}.Debug|x64.ActiveCfg = Debug|x64
		{6D50D511-774A-33CF-A15D-E4C8E499EDC2}.Debug|x64.Build.0 = Debug|x64
		{6D50D511-774A-33CF-A15D-E4C8E499EDC2}.Release|x64.ActiveCfg = Release|x64
		{6D50D511-774A-33CF-A15D-E4C8E499EDC2}.Release|x64.Build.0 = Release|x64
		{6D50D511-774A-33CF-A15D-E4C8E499EDC2}.MinSizeRel|x64.ActiveCfg = MinSizeRel|x64
		{6D50D511-774A-33CF-A15D-E4C8E499EDC2}.MinSizeRel|x64.Build.0 = MinSizeRel|x64
		{6D50D511-774A-33CF-A15D-E4C8E499EDC2}.RelWithDebInfo|x64.ActiveCfg = RelWithDebInfo|x64
		{6D50D511-774A-33CF-A15D-E4C8E499EDC2}.RelWithDebInfo|x64.Build.0 = RelWithDebInfo|x64
		{2BFD2071-8FE9-3764-9126-BAD3A5623F87}.Debug|x64.ActiveCfg = Debug|x64
		{2BFD2071-8FE9-3764-9126-BAD3A5623F87}.Debug|x64.Build.0 = Debug|x64
		{2BFD2071-8FE9-3764-9126-BAD3A5623F87}.Release|x64.ActiveCfg = Release|x64
		{2BFD2071-8FE9-3764-9126-BAD3A5623F87}.Release|x64.Build.0 = Release|x64
		{2BFD2071-8FE9-3764-9126-BAD3A5623F87}.MinSizeRel|x64.ActiveCfg = MinSizeRel|x64
		{2BFD2071-8FE9-3764-9126-BAD3A5623F87}.MinSizeRel|x64.Build.0 = MinSizeRel|x64
		{2BFD2071-8FE9-3764-9126-BAD3A5623F87}.RelWithDebInfo|x64.ActiveCfg = RelWithDebInfo|x64
		{2BFD2071-8FE9-3764-9126-BAD3A5623F87}.RelWithDebInfo|x64.Build.0 = RelWithDebInfo|x64
	EndGlobalSection
	GlobalSection(ExtensibilityGlobals) = postSolution
		SolutionGuid = {2A1CCD56-841B-3467-9FB2-82D64773E87A}
	EndGlobalSection
	GlobalSection(ExtensibilityAddIns) = postSolution
	EndGlobalSection
EndGlobal
