<?xml version="1.0" encoding="utf-8"?>
<Project ToolsVersion="17.0" xmlns="http://schemas.microsoft.com/developer/msbuild/2003">
  <ItemGroup>
    <CustomBuild Include="C:\Users\NB03\Pictures\Projects\Webmaster\Serina\build_test\CMakeFiles\d75cdfa33acda10bd366b110cdd54333\generate.stamp.rule">
      <Filter>CMake Rules</Filter>
    </CustomBuild>
  </ItemGroup>
  <ItemGroup>
    <Filter Include="CMake Rules">
      <UniqueIdentifier>{AFEB1F52-C496-3AF5-AC72-99ECE28CC3C4}</UniqueIdentifier>
    </Filter>
  </ItemGroup>
</Project>
